
Microsoft Visual Studio Solution File, Format Version 12.00
# Visual Studio Version 16
VisualStudioVersion = 16.0.31613.86
MinimumVisualStudioVersion = 10.0.40219.1
Project("{9A19103F-16F7-4668-BE54-9A1E7A4F7556}") = "TesteDashboard.Server", "TesteDashboard\Server\TesteDashboard.Server.csproj", "{87966AD4-F3EA-48A2-B5BC-9D02A0C6AA38}"
EndProject
Project("{9A19103F-16F7-4668-BE54-9A1E7A4F7556}") = "TesteDashboard.Client", "TesteDashboard\Client\TesteDashboard.Client.csproj", "{563D75EA-3861-4E96-8672-3B00C534BF47}"
EndProject
Project("{9A19103F-16F7-4668-BE54-9A1E7A4F7556}") = "TesteDashboard.Shared", "TesteDashboard\Shared\TesteDashboard.Shared.csproj", "{66F309FD-5E08-46D4-A8EB-764ED0BB2E93}"
EndProject
Global
	GlobalSection(SolutionConfigurationPlatforms) = preSolution
		Debug|Any CPU = Debug|Any CPU
		Release|Any CPU = Release|Any CPU
	EndGlobalSection
	GlobalSection(ProjectConfigurationPlatforms) = postSolution
		{87966AD4-F3EA-48A2-B5BC-9D02A0C6AA38}.Debug|Any CPU.ActiveCfg = Debug|Any CPU
		{87966AD4-F3EA-48A2-B5BC-9D02A0C6AA38}.Debug|Any CPU.Build.0 = Debug|Any CPU
		{87966AD4-F3EA-48A2-B5BC-9D02A0C6AA38}.Release|Any CPU.ActiveCfg = Release|Any CPU
		{87966AD4-F3EA-48A2-B5BC-9D02A0C6AA38}.Release|Any CPU.Build.0 = Release|Any CPU
		{563D75EA-3861-4E96-8672-3B00C534BF47}.Debug|Any CPU.ActiveCfg = Debug|Any CPU
		{563D75EA-3861-4E96-8672-3B00C534BF47}.Debug|Any CPU.Build.0 = Debug|Any CPU
		{563D75EA-3861-4E96-8672-3B00C534BF47}.Release|Any CPU.ActiveCfg = Release|Any CPU
		{563D75EA-3861-4E96-8672-3B00C534BF47}.Release|Any CPU.Build.0 = Release|Any CPU
		{66F309FD-5E08-46D4-A8EB-764ED0BB2E93}.Debug|Any CPU.ActiveCfg = Debug|Any CPU
		{66F309FD-5E08-46D4-A8EB-764ED0BB2E93}.Debug|Any CPU.Build.0 = Debug|Any CPU
		{66F309FD-5E08-46D4-A8EB-764ED0BB2E93}.Release|Any CPU.ActiveCfg = Release|Any CPU
		{66F309FD-5E08-46D4-A8EB-764ED0BB2E93}.Release|Any CPU.Build.0 = Release|Any CPU
	EndGlobalSection
	GlobalSection(SolutionProperties) = preSolution
		HideSolutionNode = FALSE
	EndGlobalSection
	GlobalSection(ExtensibilityGlobals) = postSolution
		SolutionGuid = {DD645D16-4D71-4F9F-BA27-8A090192981E}
	EndGlobalSection
EndGlobal
